
Microsoft Visual Studio Solution File, Format Version 12.00
# Visual Studio Version 17
VisualStudioVersion = 17.6.33801.468
MinimumVisualStudioVersion = 10.0.40219.1
Project("{9A19103F-16F7-4668-BE54-9A1E7A4F7556}") = "MSSA_Labs", "MSSA_Labs\MSSA_Labs.csproj", "{916E6045-10AC-44C1-BECE-15F3FEBEC167}"
EndProject
Project("{9A19103F-16F7-4668-BE54-9A1E7A4F7556}") = "BuildAMortgageCalculator", "BuildAMortgageCalculator\BuildAMortgageCalculator.csproj", "{E4C9F061-B608-48C1-A907-CF404A193B11}"
EndProject
Global
	GlobalSection(SolutionConfigurationPlatforms) = preSolution
		Debug|Any CPU = Debug|Any CPU
		Release|Any CPU = Release|Any CPU
	EndGlobalSection
	GlobalSection(ProjectConfigurationPlatforms) = postSolution
		{916E6045-10AC-44C1-BECE-15F3FEBEC167}.Debug|Any CPU.ActiveCfg = Debug|Any CPU
		{916E6045-10AC-44C1-BECE-15F3FEBEC167}.Debug|Any CPU.Build.0 = Debug|Any CPU
		{916E6045-10AC-44C1-BECE-15F3FEBEC167}.Release|Any CPU.ActiveCfg = Release|Any CPU
		{916E6045-10AC-44C1-BECE-15F3FEBEC167}.Release|Any CPU.Build.0 = Release|Any CPU
		{E4C9F061-B608-48C1-A907-CF404A193B11}.Debug|Any CPU.ActiveCfg = Debug|Any CPU
		{E4C9F061-B608-48C1-A907-CF404A193B11}.Debug|Any CPU.Build.0 = Debug|Any CPU
		{E4C9F061-B608-48C1-A907-CF404A193B11}.Release|Any CPU.ActiveCfg = Release|Any CPU
		{E4C9F061-B608-48C1-A907-CF404A193B11}.Release|Any CPU.Build.0 = Release|Any CPU
	EndGlobalSection
	GlobalSection(SolutionProperties) = preSolution
		HideSolutionNode = FALSE
	EndGlobalSection
	GlobalSection(ExtensibilityGlobals) = postSolution
		SolutionGuid = {ED6769DD-2AC7-4B8A-BC78-5C088B891CF9}
	EndGlobalSection
EndGlobal
